
Microsoft Visual Studio Solution File, Format Version 12.00
# Visual Studio Version 16
VisualStudioVersion = 16.0.31729.503
MinimumVisualStudioVersion = 10.0.40219.1
Project("{FAE04EC0-301F-11D3-BF4B-00C04F79EFBC}") = "GameBargain", "GameBargain\GameBargain.csproj", "{68C74D6F-F295-4C2A-ABA3-32755193060E}"
EndProject
Global
	GlobalSection(SolutionConfigurationPlatforms) = preSolution
		Debug|Any CPU = Debug|Any CPU
		Release|Any CPU = Release|Any CPU
	EndGlobalSection
	GlobalSection(ProjectConfigurationPlatforms) = postSolution
		{68C74D6F-F295-4C2A-ABA3-32755193060E}.Debug|Any CPU.ActiveCfg = Debug|Any CPU
		{68C74D6F-F295-4C2A-ABA3-32755193060E}.Debug|Any CPU.Build.0 = Debug|Any CPU
		{68C74D6F-F295-4C2A-ABA3-32755193060E}.Release|Any CPU.ActiveCfg = Release|Any CPU
		{68C74D6F-F295-4C2A-ABA3-32755193060E}.Release|Any CPU.Build.0 = Release|Any CPU
	EndGlobalSection
	GlobalSection(SolutionProperties) = preSolution
		HideSolutionNode = FALSE
	EndGlobalSection
	GlobalSection(ExtensibilityGlobals) = postSolution
		SolutionGuid = {1BEA9999-07E6-4D71-A872-6271F3376FAC}
	EndGlobalSection
EndGlobal
